
Microsoft Visual Studio Solution File, Format Version 12.00
# Visual Studio Version 17
VisualStudioVersion = 17.14.36804.6 d17.14
MinimumVisualStudioVersion = 10.0.40219.1
Project("{FAE04EC0-301F-11D3-BF4B-00C04F79EFBC}") = "MyAcademyMediatorProject", "MyAcademyMediatorProject\MyAcademyMediatorProject.csproj", "{91625F05-BE0C-43CF-9461-0748A9948A68}"
EndProject
Global
	GlobalSection(SolutionConfigurationPlatforms) = preSolution
		Debug|Any CPU = Debug|Any CPU
		Release|Any CPU = Release|Any CPU
	EndGlobalSection
	GlobalSection(ProjectConfigurationPlatforms) = postSolution
		{91625F05-BE0C-43CF-9461-0748A9948A68}.Debug|Any CPU.ActiveCfg = Debug|Any CPU
		{91625F05-BE0C-43CF-9461-0748A9948A68}.Debug|Any CPU.Build.0 = Debug|Any CPU
		{91625F05-BE0C-43CF-9461-0748A9948A68}.Release|Any CPU.ActiveCfg = Release|Any CPU
		{91625F05-BE0C-43CF-9461-0748A9948A68}.Release|Any CPU.Build.0 = Release|Any CPU
	EndGlobalSection
	GlobalSection(SolutionProperties) = preSolution
		HideSolutionNode = FALSE
	EndGlobalSection
	GlobalSection(ExtensibilityGlobals) = postSolution
		SolutionGuid = {DD96C9C2-BAF6-4D7F-BD4A-7342F2E277F6}
	EndGlobalSection
EndGlobal
